
Microsoft Visual Studio Solution File, Format Version 12.00
# Visual Studio Version 17
VisualStudioVersion = 17.9.34622.214
MinimumVisualStudioVersion = 10.0.40219.1
Project("{FAE04EC0-301F-11D3-BF4B-00C04F79EFBC}") = "Stringsandarrays", "Stringsandarrays\Stringsandarrays.csproj", "{3CAAB2A3-3995-4767-B7EB-DDAF6BFDF2BC}"
EndProject
Global
	GlobalSection(SolutionConfigurationPlatforms) = preSolution
		Debug|Any CPU = Debug|Any CPU
		Release|Any CPU = Release|Any CPU
	EndGlobalSection
	GlobalSection(ProjectConfigurationPlatforms) = postSolution
		{3CAAB2A3-3995-4767-B7EB-DDAF6BFDF2BC}.Debug|Any CPU.ActiveCfg = Debug|Any CPU
		{3CAAB2A3-3995-4767-B7EB-DDAF6BFDF2BC}.Debug|Any CPU.Build.0 = Debug|Any CPU
		{3CAAB2A3-3995-4767-B7EB-DDAF6BFDF2BC}.Release|Any CPU.ActiveCfg = Release|Any CPU
		{3CAAB2A3-3995-4767-B7EB-DDAF6BFDF2BC}.Release|Any CPU.Build.0 = Release|Any CPU
	EndGlobalSection
	GlobalSection(SolutionProperties) = preSolution
		HideSolutionNode = FALSE
	EndGlobalSection
	GlobalSection(ExtensibilityGlobals) = postSolution
		SolutionGuid = {EC8FCA51-E085-48CD-BCB9-0926563785E6}
	EndGlobalSection
EndGlobal
